// !$*UTF8*$!
{
	archiveVersion = 1;
	classes = {
	};
	objectVersion = 56;
	objects = {

/* Begin PBXBuildFile section */
		AB50F79C2B75EDBD0026EFAD /* AppDelegate.swift in Sources */ = {isa = PBXBuildFile; fileRef = AB50F79B2B75EDBD0026EFAD /* AppDelegate.swift */; };
		AB50F7A52B75EDBE0026EFAD /* Assets.xcassets in Resources */ = {isa = PBXBuildFile; fileRef = AB50F7A42B75EDBE0026EFAD /* Assets.xcassets */; };
		AB50F7A82B75EDBE0026EFAD /* LaunchScreen.storyboard in Resources */ = {isa = PBXBuildFile; fileRef = AB50F7A62B75EDBE0026EFAD /* LaunchScreen.storyboard */; };
		AB50F7BA2B75EE8F0026EFAD /* WFAssembly.swift in Sources */ = {isa = PBXBuildFile; fileRef = AB50F7B92B75EE8F0026EFAD /* WFAssembly.swift */; };
		AB50F7BC2B75EE970026EFAD /* WFDatabase.swift in Sources */ = {isa = PBXBuildFile; fileRef = AB50F7BB2B75EE970026EFAD /* WFDatabase.swift */; };
		AB50F7BE2B75EE9F0026EFAD /* WFAlertConfig.swift in Sources */ = {isa = PBXBuildFile; fileRef = AB50F7BD2B75EE9F0026EFAD /* WFAlertConfig.swift */; };
		AB50F7C02B75EEAB0026EFAD /* WFPhotoLoader.swift in Sources */ = {isa = PBXBuildFile; fileRef = AB50F7BF2B75EEAB0026EFAD /* WFPhotoLoader.swift */; };
		AB50F7C32B75EEEF0026EFAD /* WFConstant.swift in Sources */ = {isa = PBXBuildFile; fileRef = AB50F7C22B75EEEF0026EFAD /* WFConstant.swift */; };
		AB50F7C52B75EEFF0026EFAD /* WFWindow.swift in Sources */ = {isa = PBXBuildFile; fileRef = AB50F7C42B75EEFF0026EFAD /* WFWindow.swift */; };
		AB50F7C82B75EF4D0026EFAD /* WhiteFluffy.xcdatamodeld in Sources */ = {isa = PBXBuildFile; fileRef = AB50F7C62B75EF4D0026EFAD /* WhiteFluffy.xcdatamodeld */; };
		AB50F7CA2B75EF780026EFAD /* NotificationName+Names.swift in Sources */ = {isa = PBXBuildFile; fileRef = AB50F7C92B75EF780026EFAD /* NotificationName+Names.swift */; };
		AB50F7CC2B75EF870026EFAD /* UIAlertController+AlertConfigurable.swift in Sources */ = {isa = PBXBuildFile; fileRef = AB50F7CB2B75EF870026EFAD /* UIAlertController+AlertConfigurable.swift */; };
		AB50F7CE2B75EF990026EFAD /* UITableView+RegisterCell.swift in Sources */ = {isa = PBXBuildFile; fileRef = AB50F7CD2B75EF990026EFAD /* UITableView+RegisterCell.swift */; };
		AB50F7D02B75EFAA0026EFAD /* UIView+Layout.swift in Sources */ = {isa = PBXBuildFile; fileRef = AB50F7CF2B75EFAA0026EFAD /* UIView+Layout.swift */; };
		AB50F7D92B75EFE70026EFAD /* DetailPhotoPresenter.swift in Sources */ = {isa = PBXBuildFile; fileRef = AB50F7D32B75EFE70026EFAD /* DetailPhotoPresenter.swift */; };
		AB50F7DA2B75EFE70026EFAD /* DetailPhotoRouter.swift in Sources */ = {isa = PBXBuildFile; fileRef = AB50F7D42B75EFE70026EFAD /* DetailPhotoRouter.swift */; };
		AB50F7DB2B75EFE70026EFAD /* DetailPhotoViewController.swift in Sources */ = {isa = PBXBuildFile; fileRef = AB50F7D52B75EFE70026EFAD /* DetailPhotoViewController.swift */; };
		AB50F7DC2B75EFE70026EFAD /* DetailPhotoAssembly.swift in Sources */ = {isa = PBXBuildFile; fileRef = AB50F7D62B75EFE70026EFAD /* DetailPhotoAssembly.swift */; };
		AB50F7DD2B75EFE70026EFAD /* DetailPhotoInteractor.swift in Sources */ = {isa = PBXBuildFile; fileRef = AB50F7D72B75EFE70026EFAD /* DetailPhotoInteractor.swift */; };
		AB50F7DE2B75EFE70026EFAD /* DetailPhotoView.swift in Sources */ = {isa = PBXBuildFile; fileRef = AB50F7D82B75EFE70026EFAD /* DetailPhotoView.swift */; };
		AB50F7E52B75EFFC0026EFAD /* FavoritePhotosPresenter.swift in Sources */ = {isa = PBXBuildFile; fileRef = AB50F7DF2B75EFFC0026EFAD /* FavoritePhotosPresenter.swift */; };
		AB50F7E62B75EFFC0026EFAD /* FavoritePhotosRouter.swift in Sources */ = {isa = PBXBuildFile; fileRef = AB50F7E02B75EFFC0026EFAD /* FavoritePhotosRouter.swift */; };
		AB50F7E72B75EFFC0026EFAD /* FavoritePhotosViewController.swift in Sources */ = {isa = PBXBuildFile; fileRef = AB50F7E12B75EFFC0026EFAD /* FavoritePhotosViewController.swift */; };
		AB50F7E82B75EFFC0026EFAD /* FavoritePhotosAssembly.swift in Sources */ = {isa = PBXBuildFile; fileRef = AB50F7E22B75EFFC0026EFAD /* FavoritePhotosAssembly.swift */; };
		AB50F7E92B75EFFC0026EFAD /* FavoritePhotosInteractor.swift in Sources */ = {isa = PBXBuildFile; fileRef = AB50F7E32B75EFFC0026EFAD /* FavoritePhotosInteractor.swift */; };
		AB50F7EA2B75EFFC0026EFAD /* FavoritePhotosView.swift in Sources */ = {isa = PBXBuildFile; fileRef = AB50F7E42B75EFFC0026EFAD /* FavoritePhotosView.swift */; };
		AB50F7F12B75F0100026EFAD /* GalleryPresenter.swift in Sources */ = {isa = PBXBuildFile; fileRef = AB50F7EB2B75F0100026EFAD /* GalleryPresenter.swift */; };
		AB50F7F22B75F0100026EFAD /* GalleryRouter.swift in Sources */ = {isa = PBXBuildFile; fileRef = AB50F7EC2B75F0100026EFAD /* GalleryRouter.swift */; };
		AB50F7F32B75F0100026EFAD /* GalleryViewController.swift in Sources */ = {isa = PBXBuildFile; fileRef = AB50F7ED2B75F0100026EFAD /* GalleryViewController.swift */; };
		AB50F7F42B75F0100026EFAD /* GalleryAssembly.swift in Sources */ = {isa = PBXBuildFile; fileRef = AB50F7EE2B75F0100026EFAD /* GalleryAssembly.swift */; };
		AB50F7F52B75F0100026EFAD /* GalleryInteractor.swift in Sources */ = {isa = PBXBuildFile; fileRef = AB50F7EF2B75F0100026EFAD /* GalleryInteractor.swift */; };
		AB50F7F62B75F0100026EFAD /* GalleryView.swift in Sources */ = {isa = PBXBuildFile; fileRef = AB50F7F02B75F0100026EFAD /* GalleryView.swift */; };
		AB50F7FB2B75F04D0026EFAD /* PhotoStorage.swift in Sources */ = {isa = PBXBuildFile; fileRef = AB50F7FA2B75F04D0026EFAD /* PhotoStorage.swift */; };
		AB50F7FE2B75F0620026EFAD /* PhotoEntity.swift in Sources */ = {isa = PBXBuildFile; fileRef = AB50F7FD2B75F0620026EFAD /* PhotoEntity.swift */; };
		AB50F8002B75F0770026EFAD /* WFLocalStorage.swift in Sources */ = {isa = PBXBuildFile; fileRef = AB50F7FF2B75F0770026EFAD /* WFLocalStorage.swift */; };
		AB50F8032B75F08E0026EFAD /* Kingfisher in Frameworks */ = {isa = PBXBuildFile; productRef = AB50F8022B75F08E0026EFAD /* Kingfisher */; };
		AB50F8062B75F0970026EFAD /* CoreStore in Frameworks */ = {isa = PBXBuildFile; productRef = AB50F8052B75F0970026EFAD /* CoreStore */; };
		AB50F8092B75F0A10026EFAD /* UnsplashPhotoPicker in Frameworks */ = {isa = PBXBuildFile; productRef = AB50F8082B75F0A10026EFAD /* UnsplashPhotoPicker */; };
		AB50F80B2B75F0BA0026EFAD /* PhotoModel.swift in Sources */ = {isa = PBXBuildFile; fileRef = AB50F80A2B75F0BA0026EFAD /* PhotoModel.swift */; };
		AB50F80D2B765BC20026EFAD /* TabBarItem.swift in Sources */ = {isa = PBXBuildFile; fileRef = AB50F80C2B765BC20026EFAD /* TabBarItem.swift */; };
		AB50F8142B765C0F0026EFAD /* WFImage.swift in Sources */ = {isa = PBXBuildFile; fileRef = AB50F8132B765C0F0026EFAD /* WFImage.swift */; };
		AB50F8162B765C370026EFAD /* DetailPhotoTableViewCell.swift in Sources */ = {isa = PBXBuildFile; fileRef = AB50F8152B765C370026EFAD /* DetailPhotoTableViewCell.swift */; };
		AB50F8182B765C430026EFAD /* FavoritePhotoTableViewCell.swift in Sources */ = {isa = PBXBuildFile; fileRef = AB50F8172B765C430026EFAD /* FavoritePhotoTableViewCell.swift */; };
		AB50F81A2B765C7F0026EFAD /* TabBarAssembly.swift in Sources */ = {isa = PBXBuildFile; fileRef = AB50F8192B765C7F0026EFAD /* TabBarAssembly.swift */; };
		AB50F81C2B765CB30026EFAD /* TabBarController.swift in Sources */ = {isa = PBXBuildFile; fileRef = AB50F81B2B765CB30026EFAD /* TabBarController.swift */; };
		AB50F81E2B7660170026EFAD /* WFUnsplashPhotoPicker.swift in Sources */ = {isa = PBXBuildFile; fileRef = AB50F81D2B7660170026EFAD /* WFUnsplashPhotoPicker.swift */; };
/* End PBXBuildFile section */

/* Begin PBXFileReference section */
		AB50F7982B75EDBD0026EFAD /* WhiteFluffy.app */ = {isa = PBXFileReference; explicitFileType = wrapper.application; includeInIndex = 0; path = WhiteFluffy.app; sourceTree = BUILT_PRODUCTS_DIR; };
		AB50F79B2B75EDBD0026EFAD /* AppDelegate.swift */ = {isa = PBXFileReference; lastKnownFileType = sourcecode.swift; path = AppDelegate.swift; sourceTree = "<group>"; };
		AB50F7A42B75EDBE0026EFAD /* Assets.xcassets */ = {isa = PBXFileReference; lastKnownFileType = folder.assetcatalog; path = Assets.xcassets; sourceTree = "<group>"; };
		AB50F7A72B75EDBE0026EFAD /* Base */ = {isa = PBXFileReference; lastKnownFileType = file.storyboard; name = Base; path = Base.lproj/LaunchScreen.storyboard; sourceTree = "<group>"; };
		AB50F7A92B75EDBE0026EFAD /* Info.plist */ = {isa = PBXFileReference; lastKnownFileType = text.plist.xml; path = Info.plist; sourceTree = "<group>"; };
		AB50F7B92B75EE8F0026EFAD /* WFAssembly.swift */ = {isa = PBXFileReference; lastKnownFileType = sourcecode.swift; path = WFAssembly.swift; sourceTree = "<group>"; };
		AB50F7BB2B75EE970026EFAD /* WFDatabase.swift */ = {isa = PBXFileReference; lastKnownFileType = sourcecode.swift; path = WFDatabase.swift; sourceTree = "<group>"; };
		AB50F7BD2B75EE9F0026EFAD /* WFAlertConfig.swift */ = {isa = PBXFileReference; lastKnownFileType = sourcecode.swift; path = WFAlertConfig.swift; sourceTree = "<group>"; };
		AB50F7BF2B75EEAB0026EFAD /* WFPhotoLoader.swift */ = {isa = PBXFileReference; lastKnownFileType = sourcecode.swift; path = WFPhotoLoader.swift; sourceTree = "<group>"; };
		AB50F7C22B75EEEF0026EFAD /* WFConstant.swift */ = {isa = PBXFileReference; lastKnownFileType = sourcecode.swift; path = WFConstant.swift; sourceTree = "<group>"; };
		AB50F7C42B75EEFF0026EFAD /* WFWindow.swift */ = {isa = PBXFileReference; lastKnownFileType = sourcecode.swift; path = WFWindow.swift; sourceTree = "<group>"; };
		AB50F7C72B75EF4D0026EFAD /* WhiteFluffy.xcdatamodel */ = {isa = PBXFileReference; lastKnownFileType = wrapper.xcdatamodel; path = WhiteFluffy.xcdatamodel; sourceTree = "<group>"; };
		AB50F7C92B75EF780026EFAD /* NotificationName+Names.swift */ = {isa = PBXFileReference; lastKnownFileType = sourcecode.swift; path = "NotificationName+Names.swift"; sourceTree = "<group>"; };
		AB50F7CB2B75EF870026EFAD /* UIAlertController+AlertConfigurable.swift */ = {isa = PBXFileReference; lastKnownFileType = sourcecode.swift; path = "UIAlertController+AlertConfigurable.swift"; sourceTree = "<group>"; };
		AB50F7CD2B75EF990026EFAD /* UITableView+RegisterCell.swift */ = {isa = PBXFileReference; lastKnownFileType = sourcecode.swift; path = "UITableView+RegisterCell.swift"; sourceTree = "<group>"; };
		AB50F7CF2B75EFAA0026EFAD /* UIView+Layout.swift */ = {isa = PBXFileReference; lastKnownFileType = sourcecode.swift; path = "UIView+Layout.swift"; sourceTree = "<group>"; };
		AB50F7D32B75EFE70026EFAD /* DetailPhotoPresenter.swift */ = {isa = PBXFileReference; lastKnownFileType = sourcecode.swift; path = DetailPhotoPresenter.swift; sourceTree = "<group>"; };
		AB50F7D42B75EFE70026EFAD /* DetailPhotoRouter.swift */ = {isa = PBXFileReference; lastKnownFileType = sourcecode.swift; path = DetailPhotoRouter.swift; sourceTree = "<group>"; };
		AB50F7D52B75EFE70026EFAD /* DetailPhotoViewController.swift */ = {isa = PBXFileReference; lastKnownFileType = sourcecode.swift; path = DetailPhotoViewController.swift; sourceTree = "<group>"; };
		AB50F7D62B75EFE70026EFAD /* DetailPhotoAssembly.swift */ = {isa = PBXFileReference; lastKnownFileType = sourcecode.swift; path = DetailPhotoAssembly.swift; sourceTree = "<group>"; };
		AB50F7D72B75EFE70026EFAD /* DetailPhotoInteractor.swift */ = {isa = PBXFileReference; lastKnownFileType = sourcecode.swift; path = DetailPhotoInteractor.swift; sourceTree = "<group>"; };
		AB50F7D82B75EFE70026EFAD /* DetailPhotoView.swift */ = {isa = PBXFileReference; lastKnownFileType = sourcecode.swift; path = DetailPhotoView.swift; sourceTree = "<group>"; };
		AB50F7DF2B75EFFC0026EFAD /* FavoritePhotosPresenter.swift */ = {isa = PBXFileReference; lastKnownFileType = sourcecode.swift; path = FavoritePhotosPresenter.swift; sourceTree = "<group>"; };
		AB50F7E02B75EFFC0026EFAD /* FavoritePhotosRouter.swift */ = {isa = PBXFileReference; lastKnownFileType = sourcecode.swift; path = FavoritePhotosRouter.swift; sourceTree = "<group>"; };
		AB50F7E12B75EFFC0026EFAD /* FavoritePhotosViewController.swift */ = {isa = PBXFileReference; lastKnownFileType = sourcecode.swift; path = FavoritePhotosViewController.swift; sourceTree = "<group>"; };
		AB50F7E22B75EFFC0026EFAD /* FavoritePhotosAssembly.swift */ = {isa = PBXFileReference; lastKnownFileType = sourcecode.swift; path = FavoritePhotosAssembly.swift; sourceTree = "<group>"; };
		AB50F7E32B75EFFC0026EFAD /* FavoritePhotosInteractor.swift */ = {isa = PBXFileReference; lastKnownFileType = sourcecode.swift; path = FavoritePhotosInteractor.swift; sourceTree = "<group>"; };
		AB50F7E42B75EFFC0026EFAD /* FavoritePhotosView.swift */ = {isa = PBXFileReference; lastKnownFileType = sourcecode.swift; path = FavoritePhotosView.swift; sourceTree = "<group>"; };
		AB50F7EB2B75F0100026EFAD /* GalleryPresenter.swift */ = {isa = PBXFileReference; lastKnownFileType = sourcecode.swift; path = GalleryPresenter.swift; sourceTree = "<group>"; };
		AB50F7EC2B75F0100026EFAD /* GalleryRouter.swift */ = {isa = PBXFileReference; lastKnownFileType = sourcecode.swift; path = GalleryRouter.swift; sourceTree = "<group>"; };
		AB50F7ED2B75F0100026EFAD /* GalleryViewController.swift */ = {isa = PBXFileReference; lastKnownFileType = sourcecode.swift; path = GalleryViewController.swift; sourceTree = "<group>"; };
		AB50F7EE2B75F0100026EFAD /* GalleryAssembly.swift */ = {isa = PBXFileReference; lastKnownFileType = sourcecode.swift; path = GalleryAssembly.swift; sourceTree = "<group>"; };
		AB50F7EF2B75F0100026EFAD /* GalleryInteractor.swift */ = {isa = PBXFileReference; lastKnownFileType = sourcecode.swift; path = GalleryInteractor.swift; sourceTree = "<group>"; };
		AB50F7F02B75F0100026EFAD /* GalleryView.swift */ = {isa = PBXFileReference; lastKnownFileType = sourcecode.swift; path = GalleryView.swift; sourceTree = "<group>"; };
		AB50F7FA2B75F04D0026EFAD /* PhotoStorage.swift */ = {isa = PBXFileReference; lastKnownFileType = sourcecode.swift; path = PhotoStorage.swift; sourceTree = "<group>"; };
		AB50F7FD2B75F0620026EFAD /* PhotoEntity.swift */ = {isa = PBXFileReference; lastKnownFileType = sourcecode.swift; path = PhotoEntity.swift; sourceTree = "<group>"; };
		AB50F7FF2B75F0770026EFAD /* WFLocalStorage.swift */ = {isa = PBXFileReference; lastKnownFileType = sourcecode.swift; path = WFLocalStorage.swift; sourceTree = "<group>"; };
		AB50F80A2B75F0BA0026EFAD /* PhotoModel.swift */ = {isa = PBXFileReference; lastKnownFileType = sourcecode.swift; path = PhotoModel.swift; sourceTree = "<group>"; };
		AB50F80C2B765BC20026EFAD /* TabBarItem.swift */ = {isa = PBXFileReference; lastKnownFileType = sourcecode.swift; path = TabBarItem.swift; sourceTree = "<group>"; };
		AB50F8132B765C0F0026EFAD /* WFImage.swift */ = {isa = PBXFileReference; lastKnownFileType = sourcecode.swift; path = WFImage.swift; sourceTree = "<group>"; };
		AB50F8152B765C370026EFAD /* DetailPhotoTableViewCell.swift */ = {isa = PBXFileReference; lastKnownFileType = sourcecode.swift; path = DetailPhotoTableViewCell.swift; sourceTree = "<group>"; };
		AB50F8172B765C430026EFAD /* FavoritePhotoTableViewCell.swift */ = {isa = PBXFileReference; lastKnownFileType = sourcecode.swift; path = FavoritePhotoTableViewCell.swift; sourceTree = "<group>"; };
		AB50F8192B765C7F0026EFAD /* TabBarAssembly.swift */ = {isa = PBXFileReference; lastKnownFileType = sourcecode.swift; path = TabBarAssembly.swift; sourceTree = "<group>"; };
		AB50F81B2B765CB30026EFAD /* TabBarController.swift */ = {isa = PBXFileReference; lastKnownFileType = sourcecode.swift; path = TabBarController.swift; sourceTree = "<group>"; };
		AB50F81D2B7660170026EFAD /* WFUnsplashPhotoPicker.swift */ = {isa = PBXFileReference; lastKnownFileType = sourcecode.swift; path = WFUnsplashPhotoPicker.swift; sourceTree = "<group>"; };
/* End PBXFileReference section */

/* Begin PBXFrameworksBuildPhase section */
		AB50F7952B75EDBD0026EFAD /* Frameworks */ = {
			isa = PBXFrameworksBuildPhase;
			buildActionMask = 2147483647;
			files = (
				AB50F8092B75F0A10026EFAD /* UnsplashPhotoPicker in Frameworks */,
				AB50F8032B75F08E0026EFAD /* Kingfisher in Frameworks */,
				AB50F8062B75F0970026EFAD /* CoreStore in Frameworks */,
			);
			runOnlyForDeploymentPostprocessing = 0;
		};
/* End PBXFrameworksBuildPhase section */

/* Begin PBXGroup section */
		AB50F78F2B75EDBD0026EFAD = {
			isa = PBXGroup;
			children = (
				AB50F79A2B75EDBD0026EFAD /* WhiteFluffy */,
				AB50F7992B75EDBD0026EFAD /* Products */,
			);
			sourceTree = "<group>";
		};
		AB50F7992B75EDBD0026EFAD /* Products */ = {
			isa = PBXGroup;
			children = (
				AB50F7982B75EDBD0026EFAD /* WhiteFluffy.app */,
			);
			name = Products;
			sourceTree = "<group>";
		};
		AB50F79A2B75EDBD0026EFAD /* WhiteFluffy */ = {
			isa = PBXGroup;
			children = (
				AB50F7C62B75EF4D0026EFAD /* WhiteFluffy.xcdatamodeld */,
				AB50F7AF2B75EE050026EFAD /* EntryPoints */,
				AB50F7B42B75EE310026EFAD /* Extensions */,
				AB50F7B32B75EE2C0026EFAD /* Modules */,
				AB50F7B22B75EE230026EFAD /* Resourses */,
				AB50F7F82B75F0310026EFAD /* Storages */,
				AB50F7B02B75EE150026EFAD /* SupportingFiles */,
				AB50F80E2B765BD80026EFAD /* UI */,
				AB50F7B12B75EE1C0026EFAD /* Utils */,
			);
			path = WhiteFluffy;
			sourceTree = "<group>";
		};
		AB50F7AF2B75EE050026EFAD /* EntryPoints */ = {
			isa = PBXGroup;
			children = (
				AB50F79B2B75EDBD0026EFAD /* AppDelegate.swift */,
			);
			path = EntryPoints;
			sourceTree = "<group>";
		};
		AB50F7B02B75EE150026EFAD /* SupportingFiles */ = {
			isa = PBXGroup;
			children = (
				AB50F7A92B75EDBE0026EFAD /* Info.plist */,
				AB50F7A62B75EDBE0026EFAD /* LaunchScreen.storyboard */,
			);
			path = SupportingFiles;
			sourceTree = "<group>";
		};
		AB50F7B12B75EE1C0026EFAD /* Utils */ = {
			isa = PBXGroup;
			children = (
				AB50F7BD2B75EE9F0026EFAD /* WFAlertConfig.swift */,
				AB50F7B92B75EE8F0026EFAD /* WFAssembly.swift */,
				AB50F7C22B75EEEF0026EFAD /* WFConstant.swift */,
				AB50F7BB2B75EE970026EFAD /* WFDatabase.swift */,
				AB50F7BF2B75EEAB0026EFAD /* WFPhotoLoader.swift */,
				AB50F7C42B75EEFF0026EFAD /* WFWindow.swift */,
				AB50F81D2B7660170026EFAD /* WFUnsplashPhotoPicker.swift */,
			);
			path = Utils;
			sourceTree = "<group>";
		};
		AB50F7B22B75EE230026EFAD /* Resourses */ = {
			isa = PBXGroup;
			children = (
				AB50F7A42B75EDBE0026EFAD /* Assets.xcassets */,
			);
			path = Resourses;
			sourceTree = "<group>";
		};
		AB50F7B32B75EE2C0026EFAD /* Modules */ = {
			isa = PBXGroup;
			children = (
				AB50F7B72B75EE740026EFAD /* DetailPhoto */,
				AB50F7B62B75EE6C0026EFAD /* FavoritePhotos */,
				AB50F7B52B75EE5A0026EFAD /* Gallery */,
				AB50F7B82B75EE790026EFAD /* TabBar */,
			);
			path = Modules;
			sourceTree = "<group>";
		};
		AB50F7B42B75EE310026EFAD /* Extensions */ = {
			isa = PBXGroup;
			children = (
				AB50F7C92B75EF780026EFAD /* NotificationName+Names.swift */,
				AB50F7CB2B75EF870026EFAD /* UIAlertController+AlertConfigurable.swift */,
				AB50F7CD2B75EF990026EFAD /* UITableView+RegisterCell.swift */,
				AB50F7CF2B75EFAA0026EFAD /* UIView+Layout.swift */,
			);
			path = Extensions;
			sourceTree = "<group>";
		};
		AB50F7B52B75EE5A0026EFAD /* Gallery */ = {
			isa = PBXGroup;
			children = (
				AB50F7EE2B75F0100026EFAD /* GalleryAssembly.swift */,
				AB50F7F02B75F0100026EFAD /* GalleryView.swift */,
				AB50F7ED2B75F0100026EFAD /* GalleryViewController.swift */,
				AB50F7EF2B75F0100026EFAD /* GalleryInteractor.swift */,
				AB50F7EB2B75F0100026EFAD /* GalleryPresenter.swift */,
				AB50F7EC2B75F0100026EFAD /* GalleryRouter.swift */,
			);
			path = Gallery;
			sourceTree = "<group>";
		};
		AB50F7B62B75EE6C0026EFAD /* FavoritePhotos */ = {
			isa = PBXGroup;
			children = (
				AB50F7E22B75EFFC0026EFAD /* FavoritePhotosAssembly.swift */,
				AB50F7E42B75EFFC0026EFAD /* FavoritePhotosView.swift */,
				AB50F7E12B75EFFC0026EFAD /* FavoritePhotosViewController.swift */,
				AB50F7E32B75EFFC0026EFAD /* FavoritePhotosInteractor.swift */,
				AB50F7DF2B75EFFC0026EFAD /* FavoritePhotosPresenter.swift */,
				AB50F7E02B75EFFC0026EFAD /* FavoritePhotosRouter.swift */,
			);
			path = FavoritePhotos;
			sourceTree = "<group>";
		};
		AB50F7B72B75EE740026EFAD /* DetailPhoto */ = {
			isa = PBXGroup;
			children = (
				AB50F7D62B75EFE70026EFAD /* DetailPhotoAssembly.swift */,
				AB50F7D82B75EFE70026EFAD /* DetailPhotoView.swift */,
				AB50F7D52B75EFE70026EFAD /* DetailPhotoViewController.swift */,
				AB50F7D72B75EFE70026EFAD /* DetailPhotoInteractor.swift */,
				AB50F7D32B75EFE70026EFAD /* DetailPhotoPresenter.swift */,
				AB50F7D42B75EFE70026EFAD /* DetailPhotoRouter.swift */,
			);
			path = DetailPhoto;
			sourceTree = "<group>";
		};
		AB50F7B82B75EE790026EFAD /* TabBar */ = {
			isa = PBXGroup;
			children = (
				AB50F7F72B75F02B0026EFAD /* Models */,
				AB50F8192B765C7F0026EFAD /* TabBarAssembly.swift */,
				AB50F81B2B765CB30026EFAD /* TabBarController.swift */,
			);
			path = TabBar;
			sourceTree = "<group>";
		};
		AB50F7F72B75F02B0026EFAD /* Models */ = {
			isa = PBXGroup;
			children = (
				AB50F80C2B765BC20026EFAD /* TabBarItem.swift */,
			);
			path = Models;
			sourceTree = "<group>";
		};
		AB50F7F82B75F0310026EFAD /* Storages */ = {
			isa = PBXGroup;
			children = (
				AB50F7F92B75F03C0026EFAD /* PhotoStorage */,
				AB50F7FF2B75F0770026EFAD /* WFLocalStorage.swift */,
			);
			path = Storages;
			sourceTree = "<group>";
		};
		AB50F7F92B75F03C0026EFAD /* PhotoStorage */ = {
			isa = PBXGroup;
			children = (
				AB50F7FC2B75F05B0026EFAD /* Models */,
				AB50F7FA2B75F04D0026EFAD /* PhotoStorage.swift */,
			);
			path = PhotoStorage;
			sourceTree = "<group>";
		};
		AB50F7FC2B75F05B0026EFAD /* Models */ = {
			isa = PBXGroup;
			children = (
				AB50F7FD2B75F0620026EFAD /* PhotoEntity.swift */,
				AB50F80A2B75F0BA0026EFAD /* PhotoModel.swift */,
			);
			path = Models;
			sourceTree = "<group>";
		};
		AB50F80E2B765BD80026EFAD /* UI */ = {
			isa = PBXGroup;
			children = (
				AB50F80F2B765BE10026EFAD /* Cells */,
				AB50F8122B765C080026EFAD /* Images */,
			);
			path = UI;
			sourceTree = "<group>";
		};
		AB50F80F2B765BE10026EFAD /* Cells */ = {
			isa = PBXGroup;
			children = (
				AB50F8112B765BF20026EFAD /* DetailPhotoCell */,
				AB50F8102B765BE80026EFAD /* FavoritePhotoCell */,
			);
			path = Cells;
			sourceTree = "<group>";
		};
		AB50F8102B765BE80026EFAD /* FavoritePhotoCell */ = {
			isa = PBXGroup;
			children = (
				AB50F8172B765C430026EFAD /* FavoritePhotoTableViewCell.swift */,
			);
			path = FavoritePhotoCell;
			sourceTree = "<group>";
		};
		AB50F8112B765BF20026EFAD /* DetailPhotoCell */ = {
			isa = PBXGroup;
			children = (
				AB50F8152B765C370026EFAD /* DetailPhotoTableViewCell.swift */,
			);
			path = DetailPhotoCell;
			sourceTree = "<group>";
		};
		AB50F8122B765C080026EFAD /* Images */ = {
			isa = PBXGroup;
			children = (
				AB50F8132B765C0F0026EFAD /* WFImage.swift */,
			);
			path = Images;
			sourceTree = "<group>";
		};
/* End PBXGroup section */

/* Begin PBXNativeTarget section */
		AB50F7972B75EDBD0026EFAD /* WhiteFluffy */ = {
			isa = PBXNativeTarget;
			buildConfigurationList = AB50F7AC2B75EDBE0026EFAD /* Build configuration list for PBXNativeTarget "WhiteFluffy" */;
			buildPhases = (
				AB50F7942B75EDBD0026EFAD /* Sources */,
				AB50F7952B75EDBD0026EFAD /* Frameworks */,
				AB50F7962B75EDBD0026EFAD /* Resources */,
			);
			buildRules = (
			);
			dependencies = (
			);
			name = WhiteFluffy;
			packageProductDependencies = (
				AB50F8022B75F08E0026EFAD /* Kingfisher */,
				AB50F8052B75F0970026EFAD /* CoreStore */,
				AB50F8082B75F0A10026EFAD /* UnsplashPhotoPicker */,
			);
			productName = WhiteFluffy;
			productReference = AB50F7982B75EDBD0026EFAD /* WhiteFluffy.app */;
			productType = "com.apple.product-type.application";
		};
/* End PBXNativeTarget section */

/* Begin PBXProject section */
		AB50F7902B75EDBD0026EFAD /* Project object */ = {
			isa = PBXProject;
			attributes = {
				BuildIndependentTargetsInParallel = 1;
				LastSwiftUpdateCheck = 1500;
				LastUpgradeCheck = 1500;
				TargetAttributes = {
					AB50F7972B75EDBD0026EFAD = {
						CreatedOnToolsVersion = 15.0.1;
					};
				};
			};
			buildConfigurationList = AB50F7932B75EDBD0026EFAD /* Build configuration list for PBXProject "WhiteFluffy" */;
			compatibilityVersion = "Xcode 14.0";
			developmentRegion = en;
			hasScannedForEncodings = 0;
			knownRegions = (
				en,
				Base,
			);
			mainGroup = AB50F78F2B75EDBD0026EFAD;
			packageReferences = (
				AB50F8012B75F08E0026EFAD /* XCRemoteSwiftPackageReference "Kingfisher" */,
				AB50F8042B75F0970026EFAD /* XCRemoteSwiftPackageReference "CoreStore" */,
				AB50F8072B75F0A10026EFAD /* XCRemoteSwiftPackageReference "unsplash-photopicker-ios" */,
			);
			productRefGroup = AB50F7992B75EDBD0026EFAD /* Products */;
			projectDirPath = "";
			projectRoot = "";
			targets = (
				AB50F7972B75EDBD0026EFAD /* WhiteFluffy */,
			);
		};
/* End PBXProject section */

/* Begin PBXResourcesBuildPhase section */
		AB50F7962B75EDBD0026EFAD /* Resources */ = {
			isa = PBXResourcesBuildPhase;
			buildActionMask = 2147483647;
			files = (
				AB50F7A82B75EDBE0026EFAD /* LaunchScreen.storyboard in Resources */,
				AB50F7A52B75EDBE0026EFAD /* Assets.xcassets in Resources */,
			);
			runOnlyForDeploymentPostprocessing = 0;
		};
/* End PBXResourcesBuildPhase section */

/* Begin PBXSourcesBuildPhase section */
		AB50F7942B75EDBD0026EFAD /* Sources */ = {
			isa = PBXSourcesBuildPhase;
			buildActionMask = 2147483647;
			files = (
				AB50F8142B765C0F0026EFAD /* WFImage.swift in Sources */,
				AB50F7BC2B75EE970026EFAD /* WFDatabase.swift in Sources */,
				AB50F7DC2B75EFE70026EFAD /* DetailPhotoAssembly.swift in Sources */,
				AB50F7D02B75EFAA0026EFAD /* UIView+Layout.swift in Sources */,
				AB50F7EA2B75EFFC0026EFAD /* FavoritePhotosView.swift in Sources */,
				AB50F7F42B75F0100026EFAD /* GalleryAssembly.swift in Sources */,
				AB50F7BE2B75EE9F0026EFAD /* WFAlertConfig.swift in Sources */,
				AB50F7C32B75EEEF0026EFAD /* WFConstant.swift in Sources */,
				AB50F7F12B75F0100026EFAD /* GalleryPresenter.swift in Sources */,
				AB50F7F22B75F0100026EFAD /* GalleryRouter.swift in Sources */,
				AB50F7C52B75EEFF0026EFAD /* WFWindow.swift in Sources */,
				AB50F7CA2B75EF780026EFAD /* NotificationName+Names.swift in Sources */,
				AB50F7CE2B75EF990026EFAD /* UITableView+RegisterCell.swift in Sources */,
				AB50F7E92B75EFFC0026EFAD /* FavoritePhotosInteractor.swift in Sources */,
				AB50F7DE2B75EFE70026EFAD /* DetailPhotoView.swift in Sources */,
				AB50F7BA2B75EE8F0026EFAD /* WFAssembly.swift in Sources */,
				AB50F81E2B7660170026EFAD /* WFUnsplashPhotoPicker.swift in Sources */,
				AB50F8182B765C430026EFAD /* FavoritePhotoTableViewCell.swift in Sources */,
				AB50F7DA2B75EFE70026EFAD /* DetailPhotoRouter.swift in Sources */,
				AB50F7F52B75F0100026EFAD /* GalleryInteractor.swift in Sources */,
				AB50F7F32B75F0100026EFAD /* GalleryViewController.swift in Sources */,
				AB50F7E72B75EFFC0026EFAD /* FavoritePhotosViewController.swift in Sources */,
				AB50F7FE2B75F0620026EFAD /* PhotoEntity.swift in Sources */,
				AB50F81A2B765C7F0026EFAD /* TabBarAssembly.swift in Sources */,
				AB50F7F62B75F0100026EFAD /* GalleryView.swift in Sources */,
				AB50F7E62B75EFFC0026EFAD /* FavoritePhotosRouter.swift in Sources */,
				AB50F7C82B75EF4D0026EFAD /* WhiteFluffy.xcdatamodeld in Sources */,
				AB50F8162B765C370026EFAD /* DetailPhotoTableViewCell.swift in Sources */,
				AB50F7E52B75EFFC0026EFAD /* FavoritePhotosPresenter.swift in Sources */,
				AB50F7D92B75EFE70026EFAD /* DetailPhotoPresenter.swift in Sources */,
				AB50F7C02B75EEAB0026EFAD /* WFPhotoLoader.swift in Sources */,
				AB50F8002B75F0770026EFAD /* WFLocalStorage.swift in Sources */,
				AB50F7DB2B75EFE70026EFAD /* DetailPhotoViewController.swift in Sources */,
				AB50F7DD2B75EFE70026EFAD /* DetailPhotoInteractor.swift in Sources */,
				AB50F81C2B765CB30026EFAD /* TabBarController.swift in Sources */,
				AB50F7CC2B75EF870026EFAD /* UIAlertController+AlertConfigurable.swift in Sources */,
				AB50F80B2B75F0BA0026EFAD /* PhotoModel.swift in Sources */,
				AB50F7FB2B75F04D0026EFAD /* PhotoStorage.swift in Sources */,
				AB50F80D2B765BC20026EFAD /* TabBarItem.swift in Sources */,
				AB50F7E82B75EFFC0026EFAD /* FavoritePhotosAssembly.swift in Sources */,
				AB50F79C2B75EDBD0026EFAD /* AppDelegate.swift in Sources */,
			);
			runOnlyForDeploymentPostprocessing = 0;
		};
/* End PBXSourcesBuildPhase section */

/* Begin PBXVariantGroup section */
		AB50F7A62B75EDBE0026EFAD /* LaunchScreen.storyboard */ = {
			isa = PBXVariantGroup;
			children = (
				AB50F7A72B75EDBE0026EFAD /* Base */,
			);
			name = LaunchScreen.storyboard;
			sourceTree = "<group>";
		};
/* End PBXVariantGroup section */

/* Begin XCBuildConfiguration section */
		AB50F7AA2B75EDBE0026EFAD /* Debug */ = {
			isa = XCBuildConfiguration;
			buildSettings = {
				ALWAYS_SEARCH_USER_PATHS = NO;
				ASSETCATALOG_COMPILER_GENERATE_SWIFT_ASSET_SYMBOL_EXTENSIONS = YES;
				CLANG_ANALYZER_NONNULL = YES;
				CLANG_ANALYZER_NUMBER_OBJECT_CONVERSION = YES_AGGRESSIVE;
				CLANG_CXX_LANGUAGE_STANDARD = "gnu++20";
				CLANG_ENABLE_MODULES = YES;
				CLANG_ENABLE_OBJC_ARC = YES;
				CLANG_ENABLE_OBJC_WEAK = YES;
				CLANG_WARN_BLOCK_CAPTURE_AUTORELEASING = YES;
				CLANG_WARN_BOOL_CONVERSION = YES;
				CLANG_WARN_COMMA = YES;
				CLANG_WARN_CONSTANT_CONVERSION = YES;
				CLANG_WARN_DEPRECATED_OBJC_IMPLEMENTATIONS = YES;
				CLANG_WARN_DIRECT_OBJC_ISA_USAGE = YES_ERROR;
				CLANG_WARN_DOCUMENTATION_COMMENTS = YES;
				CLANG_WARN_EMPTY_BODY = YES;
				CLANG_WARN_ENUM_CONVERSION = YES;
				CLANG_WARN_INFINITE_RECURSION = YES;
				CLANG_WARN_INT_CONVERSION = YES;
				CLANG_WARN_NON_LITERAL_NULL_CONVERSION = YES;
				CLANG_WARN_OBJC_IMPLICIT_RETAIN_SELF = YES;
				CLANG_WARN_OBJC_LITERAL_CONVERSION = YES;
				CLANG_WARN_OBJC_ROOT_CLASS = YES_ERROR;
				CLANG_WARN_QUOTED_INCLUDE_IN_FRAMEWORK_HEADER = YES;
				CLANG_WARN_RANGE_LOOP_ANALYSIS = YES;
				CLANG_WARN_STRICT_PROTOTYPES = YES;
				CLANG_WARN_SUSPICIOUS_MOVE = YES;
				CLANG_WARN_UNGUARDED_AVAILABILITY = YES_AGGRESSIVE;
				CLANG_WARN_UNREACHABLE_CODE = YES;
				CLANG_WARN__DUPLICATE_METHOD_MATCH = YES;
				COPY_PHASE_STRIP = NO;
				DEBUG_INFORMATION_FORMAT = dwarf;
				ENABLE_STRICT_OBJC_MSGSEND = YES;
				ENABLE_TESTABILITY = YES;
				ENABLE_USER_SCRIPT_SANDBOXING = YES;
				GCC_C_LANGUAGE_STANDARD = gnu17;
				GCC_DYNAMIC_NO_PIC = NO;
				GCC_NO_COMMON_BLOCKS = YES;
				GCC_OPTIMIZATION_LEVEL = 0;
				GCC_PREPROCESSOR_DEFINITIONS = (
					"DEBUG=1",
					"$(inherited)",
				);
				GCC_WARN_64_TO_32_BIT_CONVERSION = YES;
				GCC_WARN_ABOUT_RETURN_TYPE = YES_ERROR;
				GCC_WARN_UNDECLARED_SELECTOR = YES;
				GCC_WARN_UNINITIALIZED_AUTOS = YES_AGGRESSIVE;
				GCC_WARN_UNUSED_FUNCTION = YES;
				GCC_WARN_UNUSED_VARIABLE = YES;
				IPHONEOS_DEPLOYMENT_TARGET = 17.0;
				LOCALIZATION_PREFERS_STRING_CATALOGS = YES;
				MTL_ENABLE_DEBUG_INFO = INCLUDE_SOURCE;
				MTL_FAST_MATH = YES;
				ONLY_ACTIVE_ARCH = YES;
				SDKROOT = iphoneos;
				SWIFT_ACTIVE_COMPILATION_CONDITIONS = "DEBUG $(inherited)";
				SWIFT_OPTIMIZATION_LEVEL = "-Onone";
			};
			name = Debug;
		};
		AB50F7AB2B75EDBE0026EFAD /* Release */ = {
			isa = XCBuildConfiguration;
			buildSettings = {
				ALWAYS_SEARCH_USER_PATHS = NO;
				ASSETCATALOG_COMPILER_GENERATE_SWIFT_ASSET_SYMBOL_EXTENSIONS = YES;
				CLANG_ANALYZER_NONNULL = YES;
				CLANG_ANALYZER_NUMBER_OBJECT_CONVERSION = YES_AGGRESSIVE;
				CLANG_CXX_LANGUAGE_STANDARD = "gnu++20";
				CLANG_ENABLE_MODULES = YES;
				CLANG_ENABLE_OBJC_ARC = YES;
				CLANG_ENABLE_OBJC_WEAK = YES;
				CLANG_WARN_BLOCK_CAPTURE_AUTORELEASING = YES;
				CLANG_WARN_BOOL_CONVERSION = YES;
				CLANG_WARN_COMMA = YES;
				CLANG_WARN_CONSTANT_CONVERSION = YES;
				CLANG_WARN_DEPRECATED_OBJC_IMPLEMENTATIONS = YES;
				CLANG_WARN_DIRECT_OBJC_ISA_USAGE = YES_ERROR;
				CLANG_WARN_DOCUMENTATION_COMMENTS = YES;
				CLANG_WARN_EMPTY_BODY = YES;
				CLANG_WARN_ENUM_CONVERSION = YES;
				CLANG_WARN_INFINITE_RECURSION = YES;
				CLANG_WARN_INT_CONVERSION = YES;
				CLANG_WARN_NON_LITERAL_NULL_CONVERSION = YES;
				CLANG_WARN_OBJC_IMPLICIT_RETAIN_SELF = YES;
				CLANG_WARN_OBJC_LITERAL_CONVERSION = YES;
				CLANG_WARN_OBJC_ROOT_CLASS = YES_ERROR;
				CLANG_WARN_QUOTED_INCLUDE_IN_FRAMEWORK_HEADER = YES;
				CLANG_WARN_RANGE_LOOP_ANALYSIS = YES;
				CLANG_WARN_STRICT_PROTOTYPES = YES;
				CLANG_WARN_SUSPICIOUS_MOVE = YES;
				CLANG_WARN_UNGUARDED_AVAILABILITY = YES_AGGRESSIVE;
				CLANG_WARN_UNREACHABLE_CODE = YES;
				CLANG_WARN__DUPLICATE_METHOD_MATCH = YES;
				COPY_PHASE_STRIP = NO;
				DEBUG_INFORMATION_FORMAT = "dwarf-with-dsym";
				ENABLE_NS_ASSERTIONS = NO;
				ENABLE_STRICT_OBJC_MSGSEND = YES;
				ENABLE_USER_SCRIPT_SANDBOXING = YES;
				GCC_C_LANGUAGE_STANDARD = gnu17;
				GCC_NO_COMMON_BLOCKS = YES;
				GCC_WARN_64_TO_32_BIT_CONVERSION = YES;
				GCC_WARN_ABOUT_RETURN_TYPE = YES_ERROR;
				GCC_WARN_UNDECLARED_SELECTOR = YES;
				GCC_WARN_UNINITIALIZED_AUTOS = YES_AGGRESSIVE;
				GCC_WARN_UNUSED_FUNCTION = YES;
				GCC_WARN_UNUSED_VARIABLE = YES;
				IPHONEOS_DEPLOYMENT_TARGET = 17.0;
				LOCALIZATION_PREFERS_STRING_CATALOGS = YES;
				MTL_ENABLE_DEBUG_INFO = NO;
				MTL_FAST_MATH = YES;
				SDKROOT = iphoneos;
				SWIFT_COMPILATION_MODE = wholemodule;
				VALIDATE_PRODUCT = YES;
			};
			name = Release;
		};
		AB50F7AD2B75EDBE0026EFAD /* Debug */ = {
			isa = XCBuildConfiguration;
			buildSettings = {
				ASSETCATALOG_COMPILER_APPICON_NAME = AppIcon;
				ASSETCATALOG_COMPILER_GLOBAL_ACCENT_COLOR_NAME = AccentColor;
				CODE_SIGN_STYLE = Automatic;
				CURRENT_PROJECT_VERSION = 1;
				DEVELOPMENT_TEAM = CH3624D3KA;
				GENERATE_INFOPLIST_FILE = YES;
				INFOPLIST_FILE = WhiteFluffy/SupportingFiles/Info.plist;
				INFOPLIST_KEY_UIApplicationSupportsIndirectInputEvents = YES;
				INFOPLIST_KEY_UILaunchStoryboardName = LaunchScreen;
				INFOPLIST_KEY_UISupportedInterfaceOrientations_iPad = "UIInterfaceOrientationPortrait UIInterfaceOrientationPortraitUpsideDown UIInterfaceOrientationLandscapeLeft UIInterfaceOrientationLandscapeRight";
				INFOPLIST_KEY_UISupportedInterfaceOrientations_iPhone = "UIInterfaceOrientationPortrait UIInterfaceOrientationLandscapeLeft UIInterfaceOrientationLandscapeRight";
				LD_RUNPATH_SEARCH_PATHS = (
					"$(inherited)",
					"@executable_path/Frameworks",
				);
				MARKETING_VERSION = 1.0;
				PRODUCT_BUNDLE_IDENTIFIER = com.test.white.fluffy.WhiteFluffy;
				PRODUCT_NAME = "$(TARGET_NAME)";
				SWIFT_EMIT_LOC_STRINGS = YES;
				SWIFT_VERSION = 5.0;
				TARGETED_DEVICE_FAMILY = 1;
			};
			name = Debug;
		};
		AB50F7AE2B75EDBE0026EFAD /* Release */ = {
			isa = XCBuildConfiguration;
			buildSettings = {
				ASSETCATALOG_COMPILER_APPICON_NAME = AppIcon;
				ASSETCATALOG_COMPILER_GLOBAL_ACCENT_COLOR_NAME = AccentColor;
				CODE_SIGN_STYLE = Automatic;
				CURRENT_PROJECT_VERSION = 1;
				DEVELOPMENT_TEAM = CH3624D3KA;
				GENERATE_INFOPLIST_FILE = YES;
				INFOPLIST_FILE = WhiteFluffy/SupportingFiles/Info.plist;
				INFOPLIST_KEY_UIApplicationSupportsIndirectInputEvents = YES;
				INFOPLIST_KEY_UILaunchStoryboardName = LaunchScreen;
				INFOPLIST_KEY_UISupportedInterfaceOrientations_iPad = "UIInterfaceOrientationPortrait UIInterfaceOrientationPortraitUpsideDown UIInterfaceOrientationLandscapeLeft UIInterfaceOrientationLandscapeRight";
				INFOPLIST_KEY_UISupportedInterfaceOrientations_iPhone = "UIInterfaceOrientationPortrait UIInterfaceOrientationLandscapeLeft UIInterfaceOrientationLandscapeRight";
				LD_RUNPATH_SEARCH_PATHS = (
					"$(inherited)",
					"@executable_path/Frameworks",
				);
				MARKETING_VERSION = 1.0;
				PRODUCT_BUNDLE_IDENTIFIER = com.test.white.fluffy.WhiteFluffy;
				PRODUCT_NAME = "$(TARGET_NAME)";
				SWIFT_EMIT_LOC_STRINGS = YES;
				SWIFT_VERSION = 5.0;
				TARGETED_DEVICE_FAMILY = 1;
			};
			name = Release;
		};
/* End XCBuildConfiguration section */

/* Begin XCConfigurationList section */
		AB50F7932B75EDBD0026EFAD /* Build configuration list for PBXProject "WhiteFluffy" */ = {
			isa = XCConfigurationList;
			buildConfigurations = (
				AB50F7AA2B75EDBE0026EFAD /* Debug */,
				AB50F7AB2B75EDBE0026EFAD /* Release */,
			);
			defaultConfigurationIsVisible = 0;
			defaultConfigurationName = Release;
		};
		AB50F7AC2B75EDBE0026EFAD /* Build configuration list for PBXNativeTarget "WhiteFluffy" */ = {
			isa = XCConfigurationList;
			buildConfigurations = (
				AB50F7AD2B75EDBE0026EFAD /* Debug */,
				AB50F7AE2B75EDBE0026EFAD /* Release */,
			);
			defaultConfigurationIsVisible = 0;
			defaultConfigurationName = Release;
		};
/* End XCConfigurationList section */

/* Begin XCRemoteSwiftPackageReference section */
		AB50F8012B75F08E0026EFAD /* XCRemoteSwiftPackageReference "Kingfisher" */ = {
			isa = XCRemoteSwiftPackageReference;
			repositoryURL = "https://github.com/onevcat/Kingfisher";
			requirement = {
				kind = upToNextMinorVersion;
				minimumVersion = 7.10.2;
			};
		};
		AB50F8042B75F0970026EFAD /* XCRemoteSwiftPackageReference "CoreStore" */ = {
			isa = XCRemoteSwiftPackageReference;
			repositoryURL = "https://github.com/JohnEstropia/CoreStore";
			requirement = {
				kind = upToNextMinorVersion;
				minimumVersion = 9.2.0;
			};
		};
		AB50F8072B75F0A10026EFAD /* XCRemoteSwiftPackageReference "unsplash-photopicker-ios" */ = {
			isa = XCRemoteSwiftPackageReference;
			repositoryURL = "https://github.com/unsplash/unsplash-photopicker-ios";
			requirement = {
				kind = upToNextMinorVersion;
				minimumVersion = 1.3.0;
			};
		};
/* End XCRemoteSwiftPackageReference section */

/* Begin XCSwiftPackageProductDependency section */
		AB50F8022B75F08E0026EFAD /* Kingfisher */ = {
			isa = XCSwiftPackageProductDependency;
			package = AB50F8012B75F08E0026EFAD /* XCRemoteSwiftPackageReference "Kingfisher" */;
			productName = Kingfisher;
		};
		AB50F8052B75F0970026EFAD /* CoreStore */ = {
			isa = XCSwiftPackageProductDependency;
			package = AB50F8042B75F0970026EFAD /* XCRemoteSwiftPackageReference "CoreStore" */;
			productName = CoreStore;
		};
		AB50F8082B75F0A10026EFAD /* UnsplashPhotoPicker */ = {
			isa = XCSwiftPackageProductDependency;
			package = AB50F8072B75F0A10026EFAD /* XCRemoteSwiftPackageReference "unsplash-photopicker-ios" */;
			productName = UnsplashPhotoPicker;
		};
/* End XCSwiftPackageProductDependency section */

/* Begin XCVersionGroup section */
		AB50F7C62B75EF4D0026EFAD /* WhiteFluffy.xcdatamodeld */ = {
			isa = XCVersionGroup;
			children = (
				AB50F7C72B75EF4D0026EFAD /* WhiteFluffy.xcdatamodel */,
			);
			currentVersion = AB50F7C72B75EF4D0026EFAD /* WhiteFluffy.xcdatamodel */;
			path = WhiteFluffy.xcdatamodeld;
			sourceTree = "<group>";
			versionGroupType = wrapper.xcdatamodel;
		};
/* End XCVersionGroup section */
	};
	rootObject = AB50F7902B75EDBD0026EFAD /* Project object */;
}
